
Microsoft Visual Studio Solution File, Format Version 12.00
# Visual Studio Version 16
VisualStudioVersion = 16.0.34729.46
MinimumVisualStudioVersion = 10.0.40219.1
Project("{FAE04EC0-301F-11D3-BF4B-00C04F79EFBC}") = "StudentAPİ", "StudentAPİ\StudentAPİ.csproj", "{797D875A-7C88-4054-9CF4-A6F53998026B}"
EndProject
Global
	GlobalSection(SolutionConfigurationPlatforms) = preSolution
		Debug|Any CPU = Debug|Any CPU
		Release|Any CPU = Release|Any CPU
	EndGlobalSection
	GlobalSection(ProjectConfigurationPlatforms) = postSolution
		{797D875A-7C88-4054-9CF4-A6F53998026B}.Debug|Any CPU.ActiveCfg = Debug|Any CPU
		{797D875A-7C88-4054-9CF4-A6F53998026B}.Debug|Any CPU.Build.0 = Debug|Any CPU
		{797D875A-7C88-4054-9CF4-A6F53998026B}.Release|Any CPU.ActiveCfg = Release|Any CPU
		{797D875A-7C88-4054-9CF4-A6F53998026B}.Release|Any CPU.Build.0 = Release|Any CPU
	EndGlobalSection
	GlobalSection(SolutionProperties) = preSolution
		HideSolutionNode = FALSE
	EndGlobalSection
	GlobalSection(ExtensibilityGlobals) = postSolution
		SolutionGuid = {E2E5A044-7FFC-4E50-9D9B-2A15696E5465}
	EndGlobalSection
EndGlobal
